
Microsoft Visual Studio Solution File, Format Version 12.00
# Visual Studio Version 17
VisualStudioVersion = 17.3.32929.385
MinimumVisualStudioVersion = 10.0.40219.1
Project("{FAE04EC0-301F-11D3-BF4B-00C04F79EFBC}") = "EF WFA Study NorthWindDB", "FE WFA Study NorthWindDB\EF WFA Study NorthWindDB.csproj", "{656690FF-30A0-404A-A86E-878AC853EE0F}"
EndProject
Global
	GlobalSection(SolutionConfigurationPlatforms) = preSolution
		Debug|Any CPU = Debug|Any CPU
		Release|Any CPU = Release|Any CPU
	EndGlobalSection
	GlobalSection(ProjectConfigurationPlatforms) = postSolution
		{656690FF-30A0-404A-A86E-878AC853EE0F}.Debug|Any CPU.ActiveCfg = Debug|Any CPU
		{656690FF-30A0-404A-A86E-878AC853EE0F}.Debug|Any CPU.Build.0 = Debug|Any CPU
		{656690FF-30A0-404A-A86E-878AC853EE0F}.Release|Any CPU.ActiveCfg = Release|Any CPU
		{656690FF-30A0-404A-A86E-878AC853EE0F}.Release|Any CPU.Build.0 = Release|Any CPU
	EndGlobalSection
	GlobalSection(SolutionProperties) = preSolution
		HideSolutionNode = FALSE
	EndGlobalSection
	GlobalSection(ExtensibilityGlobals) = postSolution
		SolutionGuid = {8ECFE0F9-4B50-4660-BF68-8FAF0D37B461}
	EndGlobalSection
EndGlobal
